
Microsoft Visual Studio Solution File, Format Version 12.00
# Visual Studio Version 17
VisualStudioVersion = 17.4.33205.214
MinimumVisualStudioVersion = 10.0.40219.1
Project("{FAE04EC0-301F-11D3-BF4B-00C04F79EFBC}") = "Wisielec", "Wisielec\Wisielec.csproj", "{FB7B9A6F-EA00-41E5-9599-76030592F533}"
EndProject
Global
	GlobalSection(SolutionConfigurationPlatforms) = preSolution
		Debug|Any CPU = Debug|Any CPU
		Release|Any CPU = Release|Any CPU
	EndGlobalSection
	GlobalSection(ProjectConfigurationPlatforms) = postSolution
		{FB7B9A6F-EA00-41E5-9599-76030592F533}.Debug|Any CPU.ActiveCfg = Debug|Any CPU
		{FB7B9A6F-EA00-41E5-9599-76030592F533}.Debug|Any CPU.Build.0 = Debug|Any CPU
		{FB7B9A6F-EA00-41E5-9599-76030592F533}.Release|Any CPU.ActiveCfg = Release|Any CPU
		{FB7B9A6F-EA00-41E5-9599-76030592F533}.Release|Any CPU.Build.0 = Release|Any CPU
	EndGlobalSection
	GlobalSection(SolutionProperties) = preSolution
		HideSolutionNode = FALSE
	EndGlobalSection
	GlobalSection(ExtensibilityGlobals) = postSolution
		SolutionGuid = {45E158B9-0E78-41B6-A7DD-5FDCFFFC79C6}
	EndGlobalSection
EndGlobal
